
Microsoft Visual Studio Solution File, Format Version 12.00
# Visual Studio 15
VisualStudioVersion = 15.0.28010.2016
MinimumVisualStudioVersion = 10.0.40219.1
Project("{F184B08F-C81C-45F6-A57F-5ABD9991F28F}") = "Pi_Technical Assessement", "Pi_Technical Assessement\Pi_Technical Assessement.vbproj", "{8CE67C16-7484-4201-9CEF-7EB6CBAA112F}"
EndProject
Project("{2150E333-8FDC-42A3-9474-1A3956D46DE8}") = "Queues", "Queues", "{D07235C5-9F2D-4CBE-B3E4-E191420E9FF3}"
EndProject
Project("{778DAE3C-4631-46EA-AA77-85C1314464D9}") = "RequestPublisher", "RequestPublisher\RequestPublisher.vbproj", "{C8A057F0-2677-42F3-97A5-13C33FFB8F75}"
EndProject
Project("{2150E333-8FDC-42A3-9474-1A3956D46DE8}") = "Services", "Services", "{9D5DB646-7C8F-4462-ACB6-15CB73C61E6C}"
EndProject
Project("{F184B08F-C81C-45F6-A57F-5ABD9991F28F}") = "Win_Processor", "Win_Processor\Win_Processor.vbproj", "{EA0AEE99-FB6B-41EB-8C6C-B1D8B746CB8F}"
EndProject
Project("{F184B08F-C81C-45F6-A57F-5ABD9991F28F}") = "RequestConsumer", "RequestConsumer\RequestConsumer.vbproj", "{62C3D3EA-5778-41F6-8789-F946C087CDEB}"
EndProject
Project("{2150E333-8FDC-42A3-9474-1A3956D46DE8}") = "Logging", "Logging", "{995A3934-83DD-40B1-B3A3-EDFC8A7D7D34}"
EndProject
Project("{F184B08F-C81C-45F6-A57F-5ABD9991F28F}") = "LogsClass", "LogsClass\LogsClass.vbproj", "{8CA53121-2557-4BF9-B888-BC26E1E82FB6}"
EndProject
Project("{2150E333-8FDC-42A3-9474-1A3956D46DE8}") = "Presentation", "Presentation", "{90734306-A90C-46CE-BE47-FCBE04C2C2EE}"
EndProject
Project("{2150E333-8FDC-42A3-9474-1A3956D46DE8}") = "BusinessLogic", "BusinessLogic", "{A9698027-4C87-44C1-A57D-BFE93D705AF9}"
EndProject
Project("{F184B08F-C81C-45F6-A57F-5ABD9991F28F}") = "Business_Logic", "Business_Logic\Business_Logic.vbproj", "{459C4E39-7F6A-4FE8-9AA2-A4100CBEFEEE}"
EndProject
Global
	GlobalSection(SolutionConfigurationPlatforms) = preSolution
		Debug|Any CPU = Debug|Any CPU
		Release|Any CPU = Release|Any CPU
	EndGlobalSection
	GlobalSection(ProjectConfigurationPlatforms) = postSolution
		{8CE67C16-7484-4201-9CEF-7EB6CBAA112F}.Debug|Any CPU.ActiveCfg = Debug|Any CPU
		{8CE67C16-7484-4201-9CEF-7EB6CBAA112F}.Debug|Any CPU.Build.0 = Debug|Any CPU
		{8CE67C16-7484-4201-9CEF-7EB6CBAA112F}.Release|Any CPU.ActiveCfg = Release|Any CPU
		{8CE67C16-7484-4201-9CEF-7EB6CBAA112F}.Release|Any CPU.Build.0 = Release|Any CPU
		{C8A057F0-2677-42F3-97A5-13C33FFB8F75}.Debug|Any CPU.ActiveCfg = Debug|Any CPU
		{C8A057F0-2677-42F3-97A5-13C33FFB8F75}.Debug|Any CPU.Build.0 = Debug|Any CPU
		{C8A057F0-2677-42F3-97A5-13C33FFB8F75}.Release|Any CPU.ActiveCfg = Release|Any CPU
		{C8A057F0-2677-42F3-97A5-13C33FFB8F75}.Release|Any CPU.Build.0 = Release|Any CPU
		{EA0AEE99-FB6B-41EB-8C6C-B1D8B746CB8F}.Debug|Any CPU.ActiveCfg = Debug|Any CPU
		{EA0AEE99-FB6B-41EB-8C6C-B1D8B746CB8F}.Debug|Any CPU.Build.0 = Debug|Any CPU
		{EA0AEE99-FB6B-41EB-8C6C-B1D8B746CB8F}.Release|Any CPU.ActiveCfg = Release|Any CPU
		{EA0AEE99-FB6B-41EB-8C6C-B1D8B746CB8F}.Release|Any CPU.Build.0 = Release|Any CPU
		{62C3D3EA-5778-41F6-8789-F946C087CDEB}.Debug|Any CPU.ActiveCfg = Debug|Any CPU
		{62C3D3EA-5778-41F6-8789-F946C087CDEB}.Debug|Any CPU.Build.0 = Debug|Any CPU
		{62C3D3EA-5778-41F6-8789-F946C087CDEB}.Release|Any CPU.ActiveCfg = Release|Any CPU
		{62C3D3EA-5778-41F6-8789-F946C087CDEB}.Release|Any CPU.Build.0 = Release|Any CPU
		{8CA53121-2557-4BF9-B888-BC26E1E82FB6}.Debug|Any CPU.ActiveCfg = Debug|Any CPU
		{8CA53121-2557-4BF9-B888-BC26E1E82FB6}.Debug|Any CPU.Build.0 = Debug|Any CPU
		{8CA53121-2557-4BF9-B888-BC26E1E82FB6}.Release|Any CPU.ActiveCfg = Release|Any CPU
		{8CA53121-2557-4BF9-B888-BC26E1E82FB6}.Release|Any CPU.Build.0 = Release|Any CPU
		{459C4E39-7F6A-4FE8-9AA2-A4100CBEFEEE}.Debug|Any CPU.ActiveCfg = Debug|Any CPU
		{459C4E39-7F6A-4FE8-9AA2-A4100CBEFEEE}.Debug|Any CPU.Build.0 = Debug|Any CPU
		{459C4E39-7F6A-4FE8-9AA2-A4100CBEFEEE}.Release|Any CPU.ActiveCfg = Release|Any CPU
		{459C4E39-7F6A-4FE8-9AA2-A4100CBEFEEE}.Release|Any CPU.Build.0 = Release|Any CPU
	EndGlobalSection
	GlobalSection(SolutionProperties) = preSolution
		HideSolutionNode = FALSE
	EndGlobalSection
	GlobalSection(NestedProjects) = preSolution
		{8CE67C16-7484-4201-9CEF-7EB6CBAA112F} = {90734306-A90C-46CE-BE47-FCBE04C2C2EE}
		{C8A057F0-2677-42F3-97A5-13C33FFB8F75} = {D07235C5-9F2D-4CBE-B3E4-E191420E9FF3}
		{EA0AEE99-FB6B-41EB-8C6C-B1D8B746CB8F} = {9D5DB646-7C8F-4462-ACB6-15CB73C61E6C}
		{62C3D3EA-5778-41F6-8789-F946C087CDEB} = {D07235C5-9F2D-4CBE-B3E4-E191420E9FF3}
		{8CA53121-2557-4BF9-B888-BC26E1E82FB6} = {995A3934-83DD-40B1-B3A3-EDFC8A7D7D34}
		{459C4E39-7F6A-4FE8-9AA2-A4100CBEFEEE} = {A9698027-4C87-44C1-A57D-BFE93D705AF9}
	EndGlobalSection
	GlobalSection(ExtensibilityGlobals) = postSolution
		SolutionGuid = {8282190A-E981-497F-90A8-6572DFE09291}
	EndGlobalSection
EndGlobal
